
Microsoft Visual Studio Solution File, Format Version 11.00
# Visual Studio 2010
Project("{FAE04EC0-301F-11D3-BF4B-00C04F79EFBC}") = "Unity.Timeline", "Unity.Timeline.csproj", "{9f362cab-5192-cff9-45bf-6343f671ec8d}"
EndProject
Project("{FAE04EC0-301F-11D3-BF4B-00C04F79EFBC}") = "Unity.Timeline.Editor", "Unity.Timeline.Editor.csproj", "{f9742017-557d-fe63-6de4-ac8ae79ab538}"
EndProject
Project("{FAE04EC0-301F-11D3-BF4B-00C04F79EFBC}") = "Unity.PlasticSCM.Editor", "Unity.PlasticSCM.Editor.csproj", "{c78c5deb-6209-a14c-a80f-bb13c179f19d}"
EndProject
Project("{FAE04EC0-301F-11D3-BF4B-00C04F79EFBC}") = "Unity.TextMeshPro.Editor", "Unity.TextMeshPro.Editor.csproj", "{e7b1b000-9cfb-2215-1758-abfe5a6704b0}"
EndProject
Project("{FAE04EC0-301F-11D3-BF4B-00C04F79EFBC}") = "Unity.2D.Aseprite.Editor", "Unity.2D.Aseprite.Editor.csproj", "{ab2cb496-b1ae-5dff-f1b0-405077cd98f1}"
EndProject
Project("{FAE04EC0-301F-11D3-BF4B-00C04F79EFBC}") = "Unity.VisualScripting.Flow", "Unity.VisualScripting.Flow.csproj", "{90734373-bcaf-41d2-9c78-5db9a8970310}"
EndProject
Project("{FAE04EC0-301F-11D3-BF4B-00C04F79EFBC}") = "Unity.2D.Psdimporter.Editor", "Unity.2D.Psdimporter.Editor.csproj", "{8acbf173-55b7-c68a-e9f8-794bdaebd2e9}"
EndProject
Project("{FAE04EC0-301F-11D3-BF4B-00C04F79EFBC}") = "Unity.VisualScripting.Core", "Unity.VisualScripting.Core.csproj", "{400ef866-6f2a-a1e4-6e11-07e87341afb5}"
EndProject
Project("{FAE04EC0-301F-11D3-BF4B-00C04F79EFBC}") = "Unity.Mathematics", "Unity.Mathematics.csproj", "{0ea003de-d5e8-90f6-fbe7-0ce28c97cefb}"
EndProject
Project("{FAE04EC0-301F-11D3-BF4B-00C04F79EFBC}") = "Unity.2D.Common.Path.Editor", "Unity.2D.Common.Path.Editor.csproj", "{4732453e-1aac-a698-a71d-4c9c2fc94490}"
EndProject
Project("{FAE04EC0-301F-11D3-BF4B-00C04F79EFBC}") = "Unity.VisualScripting.Core.Editor", "Unity.VisualScripting.Core.Editor.csproj", "{ef21d573-9d8c-b2d1-ba56-3b48cb01287c}"
EndProject
Project("{FAE04EC0-301F-11D3-BF4B-00C04F79EFBC}") = "Unity.2D.IK.Runtime", "Unity.2D.IK.Runtime.csproj", "{e88f9189-5d9e-9819-8a73-09c3c66c4c29}"
EndProject
Project("{FAE04EC0-301F-11D3-BF4B-00C04F79EFBC}") = "Unity.2D.Animation.Editor", "Unity.2D.Animation.Editor.csproj", "{bfa03c57-c24a-0beb-489c-d4214ac28c97}"
EndProject
Project("{FAE04EC0-301F-11D3-BF4B-00C04F79EFBC}") = "Unity.VisualScripting.Flow.Editor", "Unity.VisualScripting.Flow.Editor.csproj", "{6aa4eb93-c20c-f45b-d952-062983b48719}"
EndProject
Project("{FAE04EC0-301F-11D3-BF4B-00C04F79EFBC}") = "UnityEditor.TestRunner", "UnityEditor.TestRunner.csproj", "{f4e7a02f-7838-0c18-6dd7-94c35fa6f716}"
EndProject
Project("{FAE04EC0-301F-11D3-BF4B-00C04F79EFBC}") = "Unity.VisualScripting.SettingsProvider.Editor", "Unity.VisualScripting.SettingsProvider.Editor.csproj", "{f3015633-c4ff-58c7-19a2-fd1d9d48dd74}"
EndProject
Project("{FAE04EC0-301F-11D3-BF4B-00C04F79EFBC}") = "UnityEngine.TestRunner", "UnityEngine.TestRunner.csproj", "{d9deb34a-0e5e-ebbc-e47d-2d3ba6a0b842}"
EndProject
Project("{FAE04EC0-301F-11D3-BF4B-00C04F79EFBC}") = "PsdPlugin", "PsdPlugin.csproj", "{e1e0a0ef-1868-b8de-b1c1-e2a725a1b9de}"
EndProject
Project("{FAE04EC0-301F-11D3-BF4B-00C04F79EFBC}") = "Unity.Burst", "Unity.Burst.csproj", "{13a77bc7-f1e3-af7e-9c79-713e8b4eab99}"
EndProject
Project("{FAE04EC0-301F-11D3-BF4B-00C04F79EFBC}") = "Unity.2D.SpriteShape.Editor", "Unity.2D.SpriteShape.Editor.csproj", "{4657e1cc-2054-7a5b-996f-00a8600e482d}"
EndProject
Project("{FAE04EC0-301F-11D3-BF4B-00C04F79EFBC}") = "Unity.Collections", "Unity.Collections.csproj", "{09982fe5-ac1c-9482-76b4-b5b45213335e}"
EndProject
Project("{FAE04EC0-301F-11D3-BF4B-00C04F79EFBC}") = "Unity.VisualStudio.Editor", "Unity.VisualStudio.Editor.csproj", "{b9848919-91a7-d0bf-8dce-c724df8cdd00}"
EndProject
Project("{FAE04EC0-301F-11D3-BF4B-00C04F79EFBC}") = "Unity.2D.Tilemap.Extras.Editor", "Unity.2D.Tilemap.Extras.Editor.csproj", "{b739d5fe-78d4-e976-fd08-2545eacf7c53}"
EndProject
Project("{FAE04EC0-301F-11D3-BF4B-00C04F79EFBC}") = "Unity.Rider.Editor", "Unity.Rider.Editor.csproj", "{f2458098-26c2-673e-9764-da289526dd71}"
EndProject
Project("{FAE04EC0-301F-11D3-BF4B-00C04F79EFBC}") = "Unity.InternalAPIEditorBridge.001", "Unity.InternalAPIEditorBridge.001.csproj", "{cb6351f1-1cc0-5d0a-78da-30e3a78f4de0}"
EndProject
Project("{FAE04EC0-301F-11D3-BF4B-00C04F79EFBC}") = "Unity.2D.SpriteShape.Runtime", "Unity.2D.SpriteShape.Runtime.csproj", "{ec1678b8-6643-e35b-fc3f-a5d7c6514485}"
EndProject
Project("{FAE04EC0-301F-11D3-BF4B-00C04F79EFBC}") = "Unity.CollabProxy.Editor", "Unity.CollabProxy.Editor.csproj", "{32ec030a-967d-4d70-25c8-dc450f96be5d}"
EndProject
Project("{FAE04EC0-301F-11D3-BF4B-00C04F79EFBC}") = "Unity.VisualScripting.State.Editor", "Unity.VisualScripting.State.Editor.csproj", "{6d93547a-e71a-eace-cf12-19a0e418a72c}"
EndProject
Project("{FAE04EC0-301F-11D3-BF4B-00C04F79EFBC}") = "Unity.2D.Animation.Runtime", "Unity.2D.Animation.Runtime.csproj", "{17b51359-4808-750c-1a06-36362de9e909}"
EndProject
Project("{FAE04EC0-301F-11D3-BF4B-00C04F79EFBC}") = "Unity.Burst.CodeGen", "Unity.Burst.CodeGen.csproj", "{9e5809be-be3b-c302-4688-4a4c0d5c3e60}"
EndProject
Project("{FAE04EC0-301F-11D3-BF4B-00C04F79EFBC}") = "Unity.2D.Tilemap.Extras", "Unity.2D.Tilemap.Extras.csproj", "{f9c498a3-2ba7-1624-3620-28e30a6f9e92}"
EndProject
Project("{FAE04EC0-301F-11D3-BF4B-00C04F79EFBC}") = "Unity.VisualScripting.State", "Unity.VisualScripting.State.csproj", "{ceb529d1-72a6-a7d0-4756-9eb7e873ceab}"
EndProject
Project("{FAE04EC0-301F-11D3-BF4B-00C04F79EFBC}") = "Unity.TextMeshPro", "Unity.TextMeshPro.csproj", "{c7bd74fc-ce1b-7fae-9168-0db3d4ce4303}"
EndProject
Project("{FAE04EC0-301F-11D3-BF4B-00C04F79EFBC}") = "Unity.2D.Aseprite.Common", "Unity.2D.Aseprite.Common.csproj", "{f13e2993-ac5e-744e-936d-c2a9f3791426}"
EndProject
Project("{FAE04EC0-301F-11D3-BF4B-00C04F79EFBC}") = "Assembly-CSharp-firstpass", "Assembly-CSharp-firstpass.csproj", "{72fe1848-ee99-c39f-015f-ff7d5166a6bc}"
EndProject
Project("{FAE04EC0-301F-11D3-BF4B-00C04F79EFBC}") = "Assembly-CSharp", "Assembly-CSharp.csproj", "{9a877a73-eb42-3403-938d-b2098bcfad0c}"
EndProject
Project("{FAE04EC0-301F-11D3-BF4B-00C04F79EFBC}") = "Unity.2D.IK.Editor", "Unity.2D.IK.Editor.csproj", "{7df94035-1236-7b2a-97b0-1252fea7de7a}"
EndProject
Project("{FAE04EC0-301F-11D3-BF4B-00C04F79EFBC}") = "Unity.InternalAPIEngineBridge.001", "Unity.InternalAPIEngineBridge.001.csproj", "{48d690c6-0ef1-d2e5-7c53-d95785b1cd1b}"
EndProject
Project("{FAE04EC0-301F-11D3-BF4B-00C04F79EFBC}") = "Unity.Burst.Editor", "Unity.Burst.Editor.csproj", "{5716c88a-dcdf-5b36-cf4c-f31d461781f3}"
EndProject
Project("{FAE04EC0-301F-11D3-BF4B-00C04F79EFBC}") = "Unity.2D.Common.Editor", "Unity.2D.Common.Editor.csproj", "{6454693a-814f-ae95-5d14-2980a5db62b3}"
EndProject
Project("{FAE04EC0-301F-11D3-BF4B-00C04F79EFBC}") = "Unity.2D.PixelPerfect", "Unity.2D.PixelPerfect.csproj", "{dbc07ab4-1e6e-d14b-a1f2-4cde8f2ef0bb}"
EndProject
Project("{FAE04EC0-301F-11D3-BF4B-00C04F79EFBC}") = "Unity.2D.PixelPerfect.Editor", "Unity.2D.PixelPerfect.Editor.csproj", "{2bd8a3ee-bed1-465b-ad0e-1ae4be4f18c4}"
EndProject
Project("{FAE04EC0-301F-11D3-BF4B-00C04F79EFBC}") = "Unity.2D.Common.Runtime", "Unity.2D.Common.Runtime.csproj", "{754f2dff-1769-feb5-a5b3-e5228be9a54c}"
EndProject
Project("{FAE04EC0-301F-11D3-BF4B-00C04F79EFBC}") = "Unity.Mathematics.Editor", "Unity.Mathematics.Editor.csproj", "{92de7eca-7bf4-b11f-87c1-182ca4120ce1}"
EndProject
Project("{FAE04EC0-301F-11D3-BF4B-00C04F79EFBC}") = "Unity.Collections.BurstCompatibilityGen", "Unity.Collections.BurstCompatibilityGen.csproj", "{60a39932-a7c8-317e-12f2-7098ed5a0107}"
EndProject
Project("{FAE04EC0-301F-11D3-BF4B-00C04F79EFBC}") = "Unity.VisualScripting.Shared.Editor", "Unity.VisualScripting.Shared.Editor.csproj", "{603770a2-e721-39e4-be26-dc21d3ef50b0}"
EndProject
Project("{FAE04EC0-301F-11D3-BF4B-00C04F79EFBC}") = "Unity.Collections.DocCodeSamples", "Unity.Collections.DocCodeSamples.csproj", "{4f36956d-98bb-5fc5-b424-ae707d864f42}"
EndProject
Project("{FAE04EC0-301F-11D3-BF4B-00C04F79EFBC}") = "Unity.PlasticSCM.Editor.Entities", "Unity.PlasticSCM.Editor.Entities.csproj", "{9db575c9-bbec-e505-16ce-75cfb0c179bd}"
EndProject
Project("{FAE04EC0-301F-11D3-BF4B-00C04F79EFBC}") = "Unity.Timeline", "Unity.Timeline.Player.csproj", "{fd83e7c0-1a9a-830f-4fa5-189f4b93f1f3}"
EndProject
Project("{FAE04EC0-301F-11D3-BF4B-00C04F79EFBC}") = "Unity.VisualScripting.Flow", "Unity.VisualScripting.Flow.Player.csproj", "{d20ea2e4-2829-f5ab-6f68-13f3ca6edef5}"
EndProject
Project("{FAE04EC0-301F-11D3-BF4B-00C04F79EFBC}") = "Unity.VisualScripting.Core", "Unity.VisualScripting.Core.Player.csproj", "{7c5caa50-8d31-0f95-494e-fe79f2494443}"
EndProject
Project("{FAE04EC0-301F-11D3-BF4B-00C04F79EFBC}") = "Unity.Mathematics", "Unity.Mathematics.Player.csproj", "{d71645d6-ad2a-2c46-e156-77f8c4795551}"
EndProject
Project("{FAE04EC0-301F-11D3-BF4B-00C04F79EFBC}") = "Unity.2D.IK.Runtime", "Unity.2D.IK.Runtime.Player.csproj", "{cafc959b-6b50-7c6b-5ca7-3054804df9ff}"
EndProject
Project("{FAE04EC0-301F-11D3-BF4B-00C04F79EFBC}") = "UnityEngine.TestRunner", "UnityEngine.TestRunner.Player.csproj", "{be23a731-c3e1-2619-bea5-ff4b2eb3d6e7}"
EndProject
Project("{FAE04EC0-301F-11D3-BF4B-00C04F79EFBC}") = "Unity.Burst", "Unity.Burst.Player.csproj", "{9730476f-e646-4026-0177-1718722b4ad0}"
EndProject
Project("{FAE04EC0-301F-11D3-BF4B-00C04F79EFBC}") = "Unity.Collections", "Unity.Collections.Player.csproj", "{4c2316d5-2d20-1a00-cc73-5fdd1bfc77a4}"
EndProject
Project("{FAE04EC0-301F-11D3-BF4B-00C04F79EFBC}") = "Unity.2D.SpriteShape.Runtime", "Unity.2D.SpriteShape.Runtime.Player.csproj", "{0ab8d6a9-9f81-178e-539b-8275a8b54e9c}"
EndProject
Project("{FAE04EC0-301F-11D3-BF4B-00C04F79EFBC}") = "Unity.2D.Animation.Runtime", "Unity.2D.Animation.Runtime.Player.csproj", "{d04cc300-a517-94b7-ea03-883fa35410eb}"
EndProject
Project("{FAE04EC0-301F-11D3-BF4B-00C04F79EFBC}") = "Unity.2D.Tilemap.Extras", "Unity.2D.Tilemap.Extras.Player.csproj", "{ee3fd710-a63d-1b77-4486-f9d58cfdb0ce}"
EndProject
Project("{FAE04EC0-301F-11D3-BF4B-00C04F79EFBC}") = "Unity.VisualScripting.State", "Unity.VisualScripting.State.Player.csproj", "{98a5e954-aeae-544f-2fe3-8d7289ff80ce}"
EndProject
Project("{FAE04EC0-301F-11D3-BF4B-00C04F79EFBC}") = "Unity.TextMeshPro", "Unity.TextMeshPro.Player.csproj", "{7afa77ee-b369-9227-ae0f-f8f26445cb7d}"
EndProject
Project("{FAE04EC0-301F-11D3-BF4B-00C04F79EFBC}") = "Assembly-CSharp-firstpass", "Assembly-CSharp-firstpass.Player.csproj", "{6a5f8bdb-4462-1867-3374-754900603f2a}"
EndProject
Project("{FAE04EC0-301F-11D3-BF4B-00C04F79EFBC}") = "Assembly-CSharp", "Assembly-CSharp.Player.csproj", "{29124fc3-c3d5-f0c5-e0d5-0b983d03d9a9}"
EndProject
Project("{FAE04EC0-301F-11D3-BF4B-00C04F79EFBC}") = "Unity.InternalAPIEngineBridge.001", "Unity.InternalAPIEngineBridge.001.Player.csproj", "{5512e4cc-ae4a-89c5-a3cd-5238db7d3243}"
EndProject
Project("{FAE04EC0-301F-11D3-BF4B-00C04F79EFBC}") = "Unity.2D.PixelPerfect", "Unity.2D.PixelPerfect.Player.csproj", "{6bd61d48-13a7-c2fd-9cfc-1aed7587b0a2}"
EndProject
Project("{FAE04EC0-301F-11D3-BF4B-00C04F79EFBC}") = "Unity.2D.Common.Runtime", "Unity.2D.Common.Runtime.Player.csproj", "{b71e2417-83ea-38ae-b722-53cd309674f1}"
EndProject
Project("{FAE04EC0-301F-11D3-BF4B-00C04F79EFBC}") = "Assembly-CSharp-Editor", "Assembly-CSharp-Editor.csproj", "{eb58bd88-ae21-fd7e-b3c0-c03b91d32896}"
EndProject
Project("{FAE04EC0-301F-11D3-BF4B-00C04F79EFBC}") = "Unity.Mathematics.Tests", "Unity.Mathematics.Tests.csproj", "{e4c84c25-b292-88ca-30ed-3ec4e7cf69a1}"
EndProject
Project("{FAE04EC0-301F-11D3-BF4B-00C04F79EFBC}") = "Unity.2D.Aseprite.EditorTests", "Unity.2D.Aseprite.EditorTests.csproj", "{9ae65479-b070-f757-a15e-8bef9d124a2f}"
EndProject
Project("{FAE04EC0-301F-11D3-BF4B-00C04F79EFBC}") = "Unity.Burst.Tests.UnitTests", "Unity.Burst.Tests.UnitTests.csproj", "{eb4c16d5-e159-f224-26f6-86e693c90e89}"
EndProject
Project("{FAE04EC0-301F-11D3-BF4B-00C04F79EFBC}") = "Unity.2D.PixelPerfect.EditorTests", "Unity.2D.PixelPerfect.EditorTests.csproj", "{e798c6d9-11bf-6720-0583-ba03ce08217a}"
EndProject
Project("{FAE04EC0-301F-11D3-BF4B-00C04F79EFBC}") = "Unity.2D.SpriteShape.EditorTests", "Unity.2D.SpriteShape.EditorTests.csproj", "{0fa30c04-d2af-4a40-8ba2-78eb029ec314}"
EndProject
Project("{FAE04EC0-301F-11D3-BF4B-00C04F79EFBC}") = "Unity.2D.Common.EditorTests", "Unity.2D.Common.EditorTests.csproj", "{1c1590d0-b011-1814-09dc-74e71062661f}"
EndProject
Project("{FAE04EC0-301F-11D3-BF4B-00C04F79EFBC}") = "Unity.Burst.Editor.Tests", "Unity.Burst.Editor.Tests.csproj", "{c87c8f90-2873-5991-83cd-4b84472710fe}"
EndProject
Project("{FAE04EC0-301F-11D3-BF4B-00C04F79EFBC}") = "Unity.TextMeshPro.Editor.Tests", "Unity.TextMeshPro.Editor.Tests.csproj", "{0f92940b-6e6f-e7e3-4874-9188b7655f0a}"
EndProject
Project("{FAE04EC0-301F-11D3-BF4B-00C04F79EFBC}") = "DocCodeExamples", "DocCodeExamples.csproj", "{a4aed6ba-de9f-5311-e370-bf60cbe038ed}"
EndProject
Project("{FAE04EC0-301F-11D3-BF4B-00C04F79EFBC}") = "Unity.Collections.Tests", "Unity.Collections.Tests.csproj", "{76da763d-c2ae-cd09-21df-f3676e8d6328}"
EndProject
Project("{FAE04EC0-301F-11D3-BF4B-00C04F79EFBC}") = "Unity.2D.Psdimporter.EditorTests", "Unity.2D.Psdimporter.EditorTests.csproj", "{517d839e-35a3-9307-ea30-73c46b0e7616}"
EndProject
Project("{FAE04EC0-301F-11D3-BF4B-00C04F79EFBC}") = "Unity.Collections.Tests.Playmode", "Unity.Collections.Tests.Playmode.csproj", "{d45f799f-e5ed-a5f5-f3d8-08a030c08c59}"
EndProject
Project("{FAE04EC0-301F-11D3-BF4B-00C04F79EFBC}") = "Unity.2D.Animation.EditorTests", "Unity.2D.Animation.EditorTests.csproj", "{34490a4f-35f3-7480-faba-2274560d24c1}"
EndProject
Project("{FAE04EC0-301F-11D3-BF4B-00C04F79EFBC}") = "Unity.TextMeshPro.Tests", "Unity.TextMeshPro.Tests.csproj", "{c6e3ec00-0e71-89af-756c-50141b669085}"
EndProject
Project("{FAE04EC0-301F-11D3-BF4B-00C04F79EFBC}") = "SeparateAssembly", "SeparateAssembly.csproj", "{282bc236-a6f1-8e88-20a6-4ebda344160b}"
EndProject
Project("{FAE04EC0-301F-11D3-BF4B-00C04F79EFBC}") = "Unity.2D.Tilemap.Extras.Placeholder.EditorTests", "Unity.2D.Tilemap.Extras.Placeholder.EditorTests.csproj", "{eacdceb4-82d6-81fc-26f8-2a5f7505bbdd}"
EndProject
Project("{FAE04EC0-301F-11D3-BF4B-00C04F79EFBC}") = "OverloadedFunctionPointers", "OverloadedFunctionPointers.csproj", "{cb28a0a0-9342-46e8-f131-076805a2b88a}"
EndProject
Global
	GlobalSection(SolutionConfigurationPlatforms) = preSolution
		Debug|Any CPU = Debug|Any CPU
	EndGlobalSection
	GlobalSection(ProjectConfigurationPlatforms) = postSolution
		{9f362cab-5192-cff9-45bf-6343f671ec8d}.Debug|Any CPU.ActiveCfg = Debug|Any CPU
		{9f362cab-5192-cff9-45bf-6343f671ec8d}.Debug|Any CPU.Build.0 = Debug|Any CPU
		{f9742017-557d-fe63-6de4-ac8ae79ab538}.Debug|Any CPU.ActiveCfg = Debug|Any CPU
		{f9742017-557d-fe63-6de4-ac8ae79ab538}.Debug|Any CPU.Build.0 = Debug|Any CPU
		{c78c5deb-6209-a14c-a80f-bb13c179f19d}.Debug|Any CPU.ActiveCfg = Debug|Any CPU
		{c78c5deb-6209-a14c-a80f-bb13c179f19d}.Debug|Any CPU.Build.0 = Debug|Any CPU
		{e7b1b000-9cfb-2215-1758-abfe5a6704b0}.Debug|Any CPU.ActiveCfg = Debug|Any CPU
		{e7b1b000-9cfb-2215-1758-abfe5a6704b0}.Debug|Any CPU.Build.0 = Debug|Any CPU
		{ab2cb496-b1ae-5dff-f1b0-405077cd98f1}.Debug|Any CPU.ActiveCfg = Debug|Any CPU
		{ab2cb496-b1ae-5dff-f1b0-405077cd98f1}.Debug|Any CPU.Build.0 = Debug|Any CPU
		{90734373-bcaf-41d2-9c78-5db9a8970310}.Debug|Any CPU.ActiveCfg = Debug|Any CPU
		{90734373-bcaf-41d2-9c78-5db9a8970310}.Debug|Any CPU.Build.0 = Debug|Any CPU
		{8acbf173-55b7-c68a-e9f8-794bdaebd2e9}.Debug|Any CPU.ActiveCfg = Debug|Any CPU
		{8acbf173-55b7-c68a-e9f8-794bdaebd2e9}.Debug|Any CPU.Build.0 = Debug|Any CPU
		{400ef866-6f2a-a1e4-6e11-07e87341afb5}.Debug|Any CPU.ActiveCfg = Debug|Any CPU
		{400ef866-6f2a-a1e4-6e11-07e87341afb5}.Debug|Any CPU.Build.0 = Debug|Any CPU
		{0ea003de-d5e8-90f6-fbe7-0ce28c97cefb}.Debug|Any CPU.ActiveCfg = Debug|Any CPU
		{0ea003de-d5e8-90f6-fbe7-0ce28c97cefb}.Debug|Any CPU.Build.0 = Debug|Any CPU
		{4732453e-1aac-a698-a71d-4c9c2fc94490}.Debug|Any CPU.ActiveCfg = Debug|Any CPU
		{4732453e-1aac-a698-a71d-4c9c2fc94490}.Debug|Any CPU.Build.0 = Debug|Any CPU
		{ef21d573-9d8c-b2d1-ba56-3b48cb01287c}.Debug|Any CPU.ActiveCfg = Debug|Any CPU
		{ef21d573-9d8c-b2d1-ba56-3b48cb01287c}.Debug|Any CPU.Build.0 = Debug|Any CPU
		{e88f9189-5d9e-9819-8a73-09c3c66c4c29}.Debug|Any CPU.ActiveCfg = Debug|Any CPU
		{e88f9189-5d9e-9819-8a73-09c3c66c4c29}.Debug|Any CPU.Build.0 = Debug|Any CPU
		{bfa03c57-c24a-0beb-489c-d4214ac28c97}.Debug|Any CPU.ActiveCfg = Debug|Any CPU
		{bfa03c57-c24a-0beb-489c-d4214ac28c97}.Debug|Any CPU.Build.0 = Debug|Any CPU
		{6aa4eb93-c20c-f45b-d952-062983b48719}.Debug|Any CPU.ActiveCfg = Debug|Any CPU
		{6aa4eb93-c20c-f45b-d952-062983b48719}.Debug|Any CPU.Build.0 = Debug|Any CPU
		{f4e7a02f-7838-0c18-6dd7-94c35fa6f716}.Debug|Any CPU.ActiveCfg = Debug|Any CPU
		{f4e7a02f-7838-0c18-6dd7-94c35fa6f716}.Debug|Any CPU.Build.0 = Debug|Any CPU
		{f3015633-c4ff-58c7-19a2-fd1d9d48dd74}.Debug|Any CPU.ActiveCfg = Debug|Any CPU
		{f3015633-c4ff-58c7-19a2-fd1d9d48dd74}.Debug|Any CPU.Build.0 = Debug|Any CPU
		{d9deb34a-0e5e-ebbc-e47d-2d3ba6a0b842}.Debug|Any CPU.ActiveCfg = Debug|Any CPU
		{d9deb34a-0e5e-ebbc-e47d-2d3ba6a0b842}.Debug|Any CPU.Build.0 = Debug|Any CPU
		{e1e0a0ef-1868-b8de-b1c1-e2a725a1b9de}.Debug|Any CPU.ActiveCfg = Debug|Any CPU
		{e1e0a0ef-1868-b8de-b1c1-e2a725a1b9de}.Debug|Any CPU.Build.0 = Debug|Any CPU
		{13a77bc7-f1e3-af7e-9c79-713e8b4eab99}.Debug|Any CPU.ActiveCfg = Debug|Any CPU
		{13a77bc7-f1e3-af7e-9c79-713e8b4eab99}.Debug|Any CPU.Build.0 = Debug|Any CPU
		{4657e1cc-2054-7a5b-996f-00a8600e482d}.Debug|Any CPU.ActiveCfg = Debug|Any CPU
		{4657e1cc-2054-7a5b-996f-00a8600e482d}.Debug|Any CPU.Build.0 = Debug|Any CPU
		{09982fe5-ac1c-9482-76b4-b5b45213335e}.Debug|Any CPU.ActiveCfg = Debug|Any CPU
		{09982fe5-ac1c-9482-76b4-b5b45213335e}.Debug|Any CPU.Build.0 = Debug|Any CPU
		{b9848919-91a7-d0bf-8dce-c724df8cdd00}.Debug|Any CPU.ActiveCfg = Debug|Any CPU
		{b9848919-91a7-d0bf-8dce-c724df8cdd00}.Debug|Any CPU.Build.0 = Debug|Any CPU
		{b739d5fe-78d4-e976-fd08-2545eacf7c53}.Debug|Any CPU.ActiveCfg = Debug|Any CPU
		{b739d5fe-78d4-e976-fd08-2545eacf7c53}.Debug|Any CPU.Build.0 = Debug|Any CPU
		{f2458098-26c2-673e-9764-da289526dd71}.Debug|Any CPU.ActiveCfg = Debug|Any CPU
		{f2458098-26c2-673e-9764-da289526dd71}.Debug|Any CPU.Build.0 = Debug|Any CPU
		{cb6351f1-1cc0-5d0a-78da-30e3a78f4de0}.Debug|Any CPU.ActiveCfg = Debug|Any CPU
		{cb6351f1-1cc0-5d0a-78da-30e3a78f4de0}.Debug|Any CPU.Build.0 = Debug|Any CPU
		{ec1678b8-6643-e35b-fc3f-a5d7c6514485}.Debug|Any CPU.ActiveCfg = Debug|Any CPU
		{ec1678b8-6643-e35b-fc3f-a5d7c6514485}.Debug|Any CPU.Build.0 = Debug|Any CPU
		{32ec030a-967d-4d70-25c8-dc450f96be5d}.Debug|Any CPU.ActiveCfg = Debug|Any CPU
		{32ec030a-967d-4d70-25c8-dc450f96be5d}.Debug|Any CPU.Build.0 = Debug|Any CPU
		{6d93547a-e71a-eace-cf12-19a0e418a72c}.Debug|Any CPU.ActiveCfg = Debug|Any CPU
		{6d93547a-e71a-eace-cf12-19a0e418a72c}.Debug|Any CPU.Build.0 = Debug|Any CPU
		{17b51359-4808-750c-1a06-36362de9e909}.Debug|Any CPU.ActiveCfg = Debug|Any CPU
		{17b51359-4808-750c-1a06-36362de9e909}.Debug|Any CPU.Build.0 = Debug|Any CPU
		{9e5809be-be3b-c302-4688-4a4c0d5c3e60}.Debug|Any CPU.ActiveCfg = Debug|Any CPU
		{9e5809be-be3b-c302-4688-4a4c0d5c3e60}.Debug|Any CPU.Build.0 = Debug|Any CPU
		{f9c498a3-2ba7-1624-3620-28e30a6f9e92}.Debug|Any CPU.ActiveCfg = Debug|Any CPU
		{f9c498a3-2ba7-1624-3620-28e30a6f9e92}.Debug|Any CPU.Build.0 = Debug|Any CPU
		{ceb529d1-72a6-a7d0-4756-9eb7e873ceab}.Debug|Any CPU.ActiveCfg = Debug|Any CPU
		{ceb529d1-72a6-a7d0-4756-9eb7e873ceab}.Debug|Any CPU.Build.0 = Debug|Any CPU
		{c7bd74fc-ce1b-7fae-9168-0db3d4ce4303}.Debug|Any CPU.ActiveCfg = Debug|Any CPU
		{c7bd74fc-ce1b-7fae-9168-0db3d4ce4303}.Debug|Any CPU.Build.0 = Debug|Any CPU
		{f13e2993-ac5e-744e-936d-c2a9f3791426}.Debug|Any CPU.ActiveCfg = Debug|Any CPU
		{f13e2993-ac5e-744e-936d-c2a9f3791426}.Debug|Any CPU.Build.0 = Debug|Any CPU
		{72fe1848-ee99-c39f-015f-ff7d5166a6bc}.Debug|Any CPU.ActiveCfg = Debug|Any CPU
		{72fe1848-ee99-c39f-015f-ff7d5166a6bc}.Debug|Any CPU.Build.0 = Debug|Any CPU
		{9a877a73-eb42-3403-938d-b2098bcfad0c}.Debug|Any CPU.ActiveCfg = Debug|Any CPU
		{9a877a73-eb42-3403-938d-b2098bcfad0c}.Debug|Any CPU.Build.0 = Debug|Any CPU
		{7df94035-1236-7b2a-97b0-1252fea7de7a}.Debug|Any CPU.ActiveCfg = Debug|Any CPU
		{7df94035-1236-7b2a-97b0-1252fea7de7a}.Debug|Any CPU.Build.0 = Debug|Any CPU
		{48d690c6-0ef1-d2e5-7c53-d95785b1cd1b}.Debug|Any CPU.ActiveCfg = Debug|Any CPU
		{48d690c6-0ef1-d2e5-7c53-d95785b1cd1b}.Debug|Any CPU.Build.0 = Debug|Any CPU
		{5716c88a-dcdf-5b36-cf4c-f31d461781f3}.Debug|Any CPU.ActiveCfg = Debug|Any CPU
		{5716c88a-dcdf-5b36-cf4c-f31d461781f3}.Debug|Any CPU.Build.0 = Debug|Any CPU
		{6454693a-814f-ae95-5d14-2980a5db62b3}.Debug|Any CPU.ActiveCfg = Debug|Any CPU
		{6454693a-814f-ae95-5d14-2980a5db62b3}.Debug|Any CPU.Build.0 = Debug|Any CPU
		{dbc07ab4-1e6e-d14b-a1f2-4cde8f2ef0bb}.Debug|Any CPU.ActiveCfg = Debug|Any CPU
		{dbc07ab4-1e6e-d14b-a1f2-4cde8f2ef0bb}.Debug|Any CPU.Build.0 = Debug|Any CPU
		{2bd8a3ee-bed1-465b-ad0e-1ae4be4f18c4}.Debug|Any CPU.ActiveCfg = Debug|Any CPU
		{2bd8a3ee-bed1-465b-ad0e-1ae4be4f18c4}.Debug|Any CPU.Build.0 = Debug|Any CPU
		{754f2dff-1769-feb5-a5b3-e5228be9a54c}.Debug|Any CPU.ActiveCfg = Debug|Any CPU
		{754f2dff-1769-feb5-a5b3-e5228be9a54c}.Debug|Any CPU.Build.0 = Debug|Any CPU
		{92de7eca-7bf4-b11f-87c1-182ca4120ce1}.Debug|Any CPU.ActiveCfg = Debug|Any CPU
		{92de7eca-7bf4-b11f-87c1-182ca4120ce1}.Debug|Any CPU.Build.0 = Debug|Any CPU
		{60a39932-a7c8-317e-12f2-7098ed5a0107}.Debug|Any CPU.ActiveCfg = Debug|Any CPU
		{60a39932-a7c8-317e-12f2-7098ed5a0107}.Debug|Any CPU.Build.0 = Debug|Any CPU
		{603770a2-e721-39e4-be26-dc21d3ef50b0}.Debug|Any CPU.ActiveCfg = Debug|Any CPU
		{603770a2-e721-39e4-be26-dc21d3ef50b0}.Debug|Any CPU.Build.0 = Debug|Any CPU
		{4f36956d-98bb-5fc5-b424-ae707d864f42}.Debug|Any CPU.ActiveCfg = Debug|Any CPU
		{4f36956d-98bb-5fc5-b424-ae707d864f42}.Debug|Any CPU.Build.0 = Debug|Any CPU
		{9db575c9-bbec-e505-16ce-75cfb0c179bd}.Debug|Any CPU.ActiveCfg = Debug|Any CPU
		{9db575c9-bbec-e505-16ce-75cfb0c179bd}.Debug|Any CPU.Build.0 = Debug|Any CPU
		{fd83e7c0-1a9a-830f-4fa5-189f4b93f1f3}.Debug|Any CPU.ActiveCfg = Debug|Any CPU
		{fd83e7c0-1a9a-830f-4fa5-189f4b93f1f3}.Debug|Any CPU.Build.0 = Debug|Any CPU
		{d20ea2e4-2829-f5ab-6f68-13f3ca6edef5}.Debug|Any CPU.ActiveCfg = Debug|Any CPU
		{d20ea2e4-2829-f5ab-6f68-13f3ca6edef5}.Debug|Any CPU.Build.0 = Debug|Any CPU
		{7c5caa50-8d31-0f95-494e-fe79f2494443}.Debug|Any CPU.ActiveCfg = Debug|Any CPU
		{7c5caa50-8d31-0f95-494e-fe79f2494443}.Debug|Any CPU.Build.0 = Debug|Any CPU
		{d71645d6-ad2a-2c46-e156-77f8c4795551}.Debug|Any CPU.ActiveCfg = Debug|Any CPU
		{d71645d6-ad2a-2c46-e156-77f8c4795551}.Debug|Any CPU.Build.0 = Debug|Any CPU
		{cafc959b-6b50-7c6b-5ca7-3054804df9ff}.Debug|Any CPU.ActiveCfg = Debug|Any CPU
		{cafc959b-6b50-7c6b-5ca7-3054804df9ff}.Debug|Any CPU.Build.0 = Debug|Any CPU
		{be23a731-c3e1-2619-bea5-ff4b2eb3d6e7}.Debug|Any CPU.ActiveCfg = Debug|Any CPU
		{be23a731-c3e1-2619-bea5-ff4b2eb3d6e7}.Debug|Any CPU.Build.0 = Debug|Any CPU
		{9730476f-e646-4026-0177-1718722b4ad0}.Debug|Any CPU.ActiveCfg = Debug|Any CPU
		{9730476f-e646-4026-0177-1718722b4ad0}.Debug|Any CPU.Build.0 = Debug|Any CPU
		{4c2316d5-2d20-1a00-cc73-5fdd1bfc77a4}.Debug|Any CPU.ActiveCfg = Debug|Any CPU
		{4c2316d5-2d20-1a00-cc73-5fdd1bfc77a4}.Debug|Any CPU.Build.0 = Debug|Any CPU
		{0ab8d6a9-9f81-178e-539b-8275a8b54e9c}.Debug|Any CPU.ActiveCfg = Debug|Any CPU
		{0ab8d6a9-9f81-178e-539b-8275a8b54e9c}.Debug|Any CPU.Build.0 = Debug|Any CPU
		{d04cc300-a517-94b7-ea03-883fa35410eb}.Debug|Any CPU.ActiveCfg = Debug|Any CPU
		{d04cc300-a517-94b7-ea03-883fa35410eb}.Debug|Any CPU.Build.0 = Debug|Any CPU
		{ee3fd710-a63d-1b77-4486-f9d58cfdb0ce}.Debug|Any CPU.ActiveCfg = Debug|Any CPU
		{ee3fd710-a63d-1b77-4486-f9d58cfdb0ce}.Debug|Any CPU.Build.0 = Debug|Any CPU
		{98a5e954-aeae-544f-2fe3-8d7289ff80ce}.Debug|Any CPU.ActiveCfg = Debug|Any CPU
		{98a5e954-aeae-544f-2fe3-8d7289ff80ce}.Debug|Any CPU.Build.0 = Debug|Any CPU
		{7afa77ee-b369-9227-ae0f-f8f26445cb7d}.Debug|Any CPU.ActiveCfg = Debug|Any CPU
		{7afa77ee-b369-9227-ae0f-f8f26445cb7d}.Debug|Any CPU.Build.0 = Debug|Any CPU
		{6a5f8bdb-4462-1867-3374-754900603f2a}.Debug|Any CPU.ActiveCfg = Debug|Any CPU
		{6a5f8bdb-4462-1867-3374-754900603f2a}.Debug|Any CPU.Build.0 = Debug|Any CPU
		{29124fc3-c3d5-f0c5-e0d5-0b983d03d9a9}.Debug|Any CPU.ActiveCfg = Debug|Any CPU
		{29124fc3-c3d5-f0c5-e0d5-0b983d03d9a9}.Debug|Any CPU.Build.0 = Debug|Any CPU
		{5512e4cc-ae4a-89c5-a3cd-5238db7d3243}.Debug|Any CPU.ActiveCfg = Debug|Any CPU
		{5512e4cc-ae4a-89c5-a3cd-5238db7d3243}.Debug|Any CPU.Build.0 = Debug|Any CPU
		{6bd61d48-13a7-c2fd-9cfc-1aed7587b0a2}.Debug|Any CPU.ActiveCfg = Debug|Any CPU
		{6bd61d48-13a7-c2fd-9cfc-1aed7587b0a2}.Debug|Any CPU.Build.0 = Debug|Any CPU
		{b71e2417-83ea-38ae-b722-53cd309674f1}.Debug|Any CPU.ActiveCfg = Debug|Any CPU
		{b71e2417-83ea-38ae-b722-53cd309674f1}.Debug|Any CPU.Build.0 = Debug|Any CPU
		{eb58bd88-ae21-fd7e-b3c0-c03b91d32896}.Debug|Any CPU.ActiveCfg = Debug|Any CPU
		{eb58bd88-ae21-fd7e-b3c0-c03b91d32896}.Debug|Any CPU.Build.0 = Debug|Any CPU
		{e4c84c25-b292-88ca-30ed-3ec4e7cf69a1}.Debug|Any CPU.ActiveCfg = Debug|Any CPU
		{e4c84c25-b292-88ca-30ed-3ec4e7cf69a1}.Debug|Any CPU.Build.0 = Debug|Any CPU
		{9ae65479-b070-f757-a15e-8bef9d124a2f}.Debug|Any CPU.ActiveCfg = Debug|Any CPU
		{9ae65479-b070-f757-a15e-8bef9d124a2f}.Debug|Any CPU.Build.0 = Debug|Any CPU
		{eb4c16d5-e159-f224-26f6-86e693c90e89}.Debug|Any CPU.ActiveCfg = Debug|Any CPU
		{eb4c16d5-e159-f224-26f6-86e693c90e89}.Debug|Any CPU.Build.0 = Debug|Any CPU
		{e798c6d9-11bf-6720-0583-ba03ce08217a}.Debug|Any CPU.ActiveCfg = Debug|Any CPU
		{e798c6d9-11bf-6720-0583-ba03ce08217a}.Debug|Any CPU.Build.0 = Debug|Any CPU
		{0fa30c04-d2af-4a40-8ba2-78eb029ec314}.Debug|Any CPU.ActiveCfg = Debug|Any CPU
		{0fa30c04-d2af-4a40-8ba2-78eb029ec314}.Debug|Any CPU.Build.0 = Debug|Any CPU
		{1c1590d0-b011-1814-09dc-74e71062661f}.Debug|Any CPU.ActiveCfg = Debug|Any CPU
		{1c1590d0-b011-1814-09dc-74e71062661f}.Debug|Any CPU.Build.0 = Debug|Any CPU
		{c87c8f90-2873-5991-83cd-4b84472710fe}.Debug|Any CPU.ActiveCfg = Debug|Any CPU
		{c87c8f90-2873-5991-83cd-4b84472710fe}.Debug|Any CPU.Build.0 = Debug|Any CPU
		{0f92940b-6e6f-e7e3-4874-9188b7655f0a}.Debug|Any CPU.ActiveCfg = Debug|Any CPU
		{0f92940b-6e6f-e7e3-4874-9188b7655f0a}.Debug|Any CPU.Build.0 = Debug|Any CPU
		{a4aed6ba-de9f-5311-e370-bf60cbe038ed}.Debug|Any CPU.ActiveCfg = Debug|Any CPU
		{a4aed6ba-de9f-5311-e370-bf60cbe038ed}.Debug|Any CPU.Build.0 = Debug|Any CPU
		{76da763d-c2ae-cd09-21df-f3676e8d6328}.Debug|Any CPU.ActiveCfg = Debug|Any CPU
		{76da763d-c2ae-cd09-21df-f3676e8d6328}.Debug|Any CPU.Build.0 = Debug|Any CPU
		{517d839e-35a3-9307-ea30-73c46b0e7616}.Debug|Any CPU.ActiveCfg = Debug|Any CPU
		{517d839e-35a3-9307-ea30-73c46b0e7616}.Debug|Any CPU.Build.0 = Debug|Any CPU
		{d45f799f-e5ed-a5f5-f3d8-08a030c08c59}.Debug|Any CPU.ActiveCfg = Debug|Any CPU
		{d45f799f-e5ed-a5f5-f3d8-08a030c08c59}.Debug|Any CPU.Build.0 = Debug|Any CPU
		{34490a4f-35f3-7480-faba-2274560d24c1}.Debug|Any CPU.ActiveCfg = Debug|Any CPU
		{34490a4f-35f3-7480-faba-2274560d24c1}.Debug|Any CPU.Build.0 = Debug|Any CPU
		{c6e3ec00-0e71-89af-756c-50141b669085}.Debug|Any CPU.ActiveCfg = Debug|Any CPU
		{c6e3ec00-0e71-89af-756c-50141b669085}.Debug|Any CPU.Build.0 = Debug|Any CPU
		{282bc236-a6f1-8e88-20a6-4ebda344160b}.Debug|Any CPU.ActiveCfg = Debug|Any CPU
		{282bc236-a6f1-8e88-20a6-4ebda344160b}.Debug|Any CPU.Build.0 = Debug|Any CPU
		{eacdceb4-82d6-81fc-26f8-2a5f7505bbdd}.Debug|Any CPU.ActiveCfg = Debug|Any CPU
		{eacdceb4-82d6-81fc-26f8-2a5f7505bbdd}.Debug|Any CPU.Build.0 = Debug|Any CPU
		{cb28a0a0-9342-46e8-f131-076805a2b88a}.Debug|Any CPU.ActiveCfg = Debug|Any CPU
		{cb28a0a0-9342-46e8-f131-076805a2b88a}.Debug|Any CPU.Build.0 = Debug|Any CPU
	EndGlobalSection
	GlobalSection(SolutionProperties) = preSolution
		HideSolutionNode = FALSE
	EndGlobalSection
EndGlobal
